
Microsoft Visual Studio Solution File, Format Version 12.00
# Visual Studio Version 16
VisualStudioVersion = 16.0.33529.622
MinimumVisualStudioVersion = 10.0.40219.1
Project("{FAE04EC0-301F-11D3-BF4B-00C04F79EFBC}") = "Lab3_Ejercicio2", "Lab3_Ejercicio2.csproj", "{7C414A52-8D57-435F-AEA6-61CF6806811A}"
EndProject
Global
	GlobalSection(SolutionConfigurationPlatforms) = preSolution
		Debug|Any CPU = Debug|Any CPU
		Release|Any CPU = Release|Any CPU
	EndGlobalSection
	GlobalSection(ProjectConfigurationPlatforms) = postSolution
		{7C414A52-8D57-435F-AEA6-61CF6806811A}.Debug|Any CPU.ActiveCfg = Debug|Any CPU
		{7C414A52-8D57-435F-AEA6-61CF6806811A}.Debug|Any CPU.Build.0 = Debug|Any CPU
		{7C414A52-8D57-435F-AEA6-61CF6806811A}.Release|Any CPU.ActiveCfg = Release|Any CPU
		{7C414A52-8D57-435F-AEA6-61CF6806811A}.Release|Any CPU.Build.0 = Release|Any CPU
	EndGlobalSection
	GlobalSection(SolutionProperties) = preSolution
		HideSolutionNode = FALSE
	EndGlobalSection
	GlobalSection(ExtensibilityGlobals) = postSolution
		SolutionGuid = {4BF7AD0B-3C35-48DB-870D-F33C9C11EC72}
	EndGlobalSection
EndGlobal
